
Microsoft Visual Studio Solution File, Format Version 12.00
# Visual Studio 15
VisualStudioVersion = 15.0.28010.2036
MinimumVisualStudioVersion = 10.0.40219.1
Project("{FAE04EC0-301F-11D3-BF4B-00C04F79EFBC}") = "hotelManager", "hotelManager\hotelManager.csproj", "{3BE875B9-3537-4465-B199-D5C2C09276CD}"
EndProject
Project("{FAE04EC0-301F-11D3-BF4B-00C04F79EFBC}") = "Model", "Model\Model.csproj", "{D22338ED-BEBE-43B1-9ECC-0FBD763136DD}"
EndProject
Global
	GlobalSection(SolutionConfigurationPlatforms) = preSolution
		Debug|Any CPU = Debug|Any CPU
		Release|Any CPU = Release|Any CPU
	EndGlobalSection
	GlobalSection(ProjectConfigurationPlatforms) = postSolution
		{3BE875B9-3537-4465-B199-D5C2C09276CD}.Debug|Any CPU.ActiveCfg = Debug|Any CPU
		{3BE875B9-3537-4465-B199-D5C2C09276CD}.Debug|Any CPU.Build.0 = Debug|Any CPU
		{3BE875B9-3537-4465-B199-D5C2C09276CD}.Release|Any CPU.ActiveCfg = Release|Any CPU
		{3BE875B9-3537-4465-B199-D5C2C09276CD}.Release|Any CPU.Build.0 = Release|Any CPU
		{D22338ED-BEBE-43B1-9ECC-0FBD763136DD}.Debug|Any CPU.ActiveCfg = Debug|Any CPU
		{D22338ED-BEBE-43B1-9ECC-0FBD763136DD}.Debug|Any CPU.Build.0 = Debug|Any CPU
		{D22338ED-BEBE-43B1-9ECC-0FBD763136DD}.Release|Any CPU.ActiveCfg = Release|Any CPU
		{D22338ED-BEBE-43B1-9ECC-0FBD763136DD}.Release|Any CPU.Build.0 = Release|Any CPU
	EndGlobalSection
	GlobalSection(SolutionProperties) = preSolution
		HideSolutionNode = FALSE
	EndGlobalSection
	GlobalSection(ExtensibilityGlobals) = postSolution
		SolutionGuid = {6533E13F-383E-48D8-96CD-8584DC06EC84}
	EndGlobalSection
EndGlobal
